// !$*UTF8*$!
{
	archiveVersion = 1;
	classes = {
	};
	objectVersion = 77;
	objects = {

/* Begin PBXBuildFile section */
		EA79D1B52D5A499000D22F9A /* FirebaseAuth in Frameworks */ = {isa = PBXBuildFile; productRef = EA79D1B42D5A499000D22F9A /* FirebaseAuth */; };
		EA79D1B72D5A499000D22F9A /* FirebaseDatabase in Frameworks */ = {isa = PBXBuildFile; productRef = EA79D1B62D5A499000D22F9A /* FirebaseDatabase */; };
		EA79D1B92D5A499000D22F9A /* FirebaseFirestore in Frameworks */ = {isa = PBXBuildFile; productRef = EA79D1B82D5A499000D22F9A /* FirebaseFirestore */; };
/* End PBXBuildFile section */

/* Begin PBXContainerItemProxy section */
		EA18E28C2CA43977009851B4 /* PBXContainerItemProxy */ = {
			isa = PBXContainerItemProxy;
			containerPortal = EA18E26A2CA43975009851B4 /* Project object */;
			proxyType = 1;
			remoteGlobalIDString = EA18E2712CA43975009851B4;
			remoteInfo = clickerGame;
		};
		EA18E2962CA43977009851B4 /* PBXContainerItemProxy */ = {
			isa = PBXContainerItemProxy;
			containerPortal = EA18E26A2CA43975009851B4 /* Project object */;
			proxyType = 1;
			remoteGlobalIDString = EA18E2712CA43975009851B4;
			remoteInfo = clickerGame;
		};
/* End PBXContainerItemProxy section */

/* Begin PBXFileReference section */
		EA18E2722CA43975009851B4 /* clickerGame.app */ = {isa = PBXFileReference; explicitFileType = wrapper.application; includeInIndex = 0; path = clickerGame.app; sourceTree = BUILT_PRODUCTS_DIR; };
		EA18E28B2CA43977009851B4 /* clickerGameTests.xctest */ = {isa = PBXFileReference; explicitFileType = wrapper.cfbundle; includeInIndex = 0; path = clickerGameTests.xctest; sourceTree = BUILT_PRODUCTS_DIR; };
		EA18E2952CA43977009851B4 /* clickerGameUITests.xctest */ = {isa = PBXFileReference; explicitFileType = wrapper.cfbundle; includeInIndex = 0; path = clickerGameUITests.xctest; sourceTree = BUILT_PRODUCTS_DIR; };
/* End PBXFileReference section */

/* Begin PBXFileSystemSynchronizedBuildFileExceptionSet section */
		EA18E29D2CA43977009851B4 /* Exceptions for "clickerGame" folder in "clickerGame" target */ = {
			isa = PBXFileSystemSynchronizedBuildFileExceptionSet;
			membershipExceptions = (
				Info.plist,
			);
			target = EA18E2712CA43975009851B4 /* clickerGame */;
		};
/* End PBXFileSystemSynchronizedBuildFileExceptionSet section */

/* Begin PBXFileSystemSynchronizedRootGroup section */
		EA18E2742CA43975009851B4 /* clickerGame */ = {
			isa = PBXFileSystemSynchronizedRootGroup;
			exceptions = (
				EA18E29D2CA43977009851B4 /* Exceptions for "clickerGame" folder in "clickerGame" target */,
			);
			path = clickerGame;
			sourceTree = "<group>";
		};
		EA18E28E2CA43977009851B4 /* clickerGameTests */ = {
			isa = PBXFileSystemSynchronizedRootGroup;
			path = clickerGameTests;
			sourceTree = "<group>";
		};
		EA18E2982CA43977009851B4 /* clickerGameUITests */ = {
			isa = PBXFileSystemSynchronizedRootGroup;
			path = clickerGameUITests;
			sourceTree = "<group>";
		};
/* End PBXFileSystemSynchronizedRootGroup section */

/* Begin PBXFrameworksBuildPhase section */
		EA18E26F2CA43975009851B4 /* Frameworks */ = {
			isa = PBXFrameworksBuildPhase;
			buildActionMask = 2147483647;
			files = (
				EA79D1B72D5A499000D22F9A /* FirebaseDatabase in Frameworks */,
				EA79D1B52D5A499000D22F9A /* FirebaseAuth in Frameworks */,
				EA79D1B92D5A499000D22F9A /* FirebaseFirestore in Frameworks */,
			);
			runOnlyForDeploymentPostprocessing = 0;
		};
		EA18E2882CA43977009851B4 /* Frameworks */ = {
			isa = PBXFrameworksBuildPhase;
			buildActionMask = 2147483647;
			files = (
			);
			runOnlyForDeploymentPostprocessing = 0;
		};
		EA18E2922CA43977009851B4 /* Frameworks */ = {
			isa = PBXFrameworksBuildPhase;
			buildActionMask = 2147483647;
			files = (
			);
			runOnlyForDeploymentPostprocessing = 0;
		};
/* End PBXFrameworksBuildPhase section */

/* Begin PBXGroup section */
		EA18E2692CA43975009851B4 = {
			isa = PBXGroup;
			children = (
				EA18E2742CA43975009851B4 /* clickerGame */,
				EA18E28E2CA43977009851B4 /* clickerGameTests */,
				EA18E2982CA43977009851B4 /* clickerGameUITests */,
				EA18E2732CA43975009851B4 /* Products */,
			);
			sourceTree = "<group>";
		};
		EA18E2732CA43975009851B4 /* Products */ = {
			isa = PBXGroup;
			children = (
				EA18E2722CA43975009851B4 /* clickerGame.app */,
				EA18E28B2CA43977009851B4 /* clickerGameTests.xctest */,
				EA18E2952CA43977009851B4 /* clickerGameUITests.xctest */,
			);
			name = Products;
			sourceTree = "<group>";
		};
/* End PBXGroup section */

/* Begin PBXNativeTarget section */
		EA18E2712CA43975009851B4 /* clickerGame */ = {
			isa = PBXNativeTarget;
			buildConfigurationList = EA18E29E2CA43977009851B4 /* Build configuration list for PBXNativeTarget "clickerGame" */;
			buildPhases = (
				EA18E26E2CA43975009851B4 /* Sources */,
				EA18E26F2CA43975009851B4 /* Frameworks */,
				EA18E2702CA43975009851B4 /* Resources */,
			);
			buildRules = (
			);
			dependencies = (
			);
			fileSystemSynchronizedGroups = (
				EA18E2742CA43975009851B4 /* clickerGame */,
			);
			name = clickerGame;
			packageProductDependencies = (
				EA79D1B42D5A499000D22F9A /* FirebaseAuth */,
				EA79D1B62D5A499000D22F9A /* FirebaseDatabase */,
				EA79D1B82D5A499000D22F9A /* FirebaseFirestore */,
			);
			productName = clickerGame;
			productReference = EA18E2722CA43975009851B4 /* clickerGame.app */;
			productType = "com.apple.product-type.application";
		};
		EA18E28A2CA43977009851B4 /* clickerGameTests */ = {
			isa = PBXNativeTarget;
			buildConfigurationList = EA18E2A32CA43977009851B4 /* Build configuration list for PBXNativeTarget "clickerGameTests" */;
			buildPhases = (
				EA18E2872CA43977009851B4 /* Sources */,
				EA18E2882CA43977009851B4 /* Frameworks */,
				EA18E2892CA43977009851B4 /* Resources */,
			);
			buildRules = (
			);
			dependencies = (
				EA18E28D2CA43977009851B4 /* PBXTargetDependency */,
			);
			fileSystemSynchronizedGroups = (
				EA18E28E2CA43977009851B4 /* clickerGameTests */,
			);
			name = clickerGameTests;
			packageProductDependencies = (
			);
			productName = clickerGameTests;
			productReference = EA18E28B2CA43977009851B4 /* clickerGameTests.xctest */;
			productType = "com.apple.product-type.bundle.unit-test";
		};
		EA18E2942CA43977009851B4 /* clickerGameUITests */ = {
			isa = PBXNativeTarget;
			buildConfigurationList = EA18E2A62CA43977009851B4 /* Build configuration list for PBXNativeTarget "clickerGameUITests" */;
			buildPhases = (
				EA18E2912CA43977009851B4 /* Sources */,
				EA18E2922CA43977009851B4 /* Frameworks */,
				EA18E2932CA43977009851B4 /* Resources */,
			);
			buildRules = (
			);
			dependencies = (
				EA18E2972CA43977009851B4 /* PBXTargetDependency */,
			);
			fileSystemSynchronizedGroups = (
				EA18E2982CA43977009851B4 /* clickerGameUITests */,
			);
			name = clickerGameUITests;
			packageProductDependencies = (
			);
			productName = clickerGameUITests;
			productReference = EA18E2952CA43977009851B4 /* clickerGameUITests.xctest */;
			productType = "com.apple.product-type.bundle.ui-testing";
		};
/* End PBXNativeTarget section */

/* Begin PBXProject section */
		EA18E26A2CA43975009851B4 /* Project object */ = {
			isa = PBXProject;
			attributes = {
				BuildIndependentTargetsInParallel = 1;
				LastSwiftUpdateCheck = 1600;
				LastUpgradeCheck = 1600;
				TargetAttributes = {
					EA18E2712CA43975009851B4 = {
						CreatedOnToolsVersion = 16.0;
					};
					EA18E28A2CA43977009851B4 = {
						CreatedOnToolsVersion = 16.0;
						TestTargetID = EA18E2712CA43975009851B4;
					};
					EA18E2942CA43977009851B4 = {
						CreatedOnToolsVersion = 16.0;
						TestTargetID = EA18E2712CA43975009851B4;
					};
				};
			};
			buildConfigurationList = EA18E26D2CA43975009851B4 /* Build configuration list for PBXProject "clickerGame" */;
			developmentRegion = en;
			hasScannedForEncodings = 0;
			knownRegions = (
				en,
				Base,
			);
			mainGroup = EA18E2692CA43975009851B4;
			minimizedProjectReferenceProxies = 1;
			packageReferences = (
				EA79D1B32D5A498F00D22F9A /* XCRemoteSwiftPackageReference "firebase-ios-sdk" */,
			);
			preferredProjectObjectVersion = 77;
			productRefGroup = EA18E2732CA43975009851B4 /* Products */;
			projectDirPath = "";
			projectRoot = "";
			targets = (
				EA18E2712CA43975009851B4 /* clickerGame */,
				EA18E28A2CA43977009851B4 /* clickerGameTests */,
				EA18E2942CA43977009851B4 /* clickerGameUITests */,
			);
		};
/* End PBXProject section */

/* Begin PBXResourcesBuildPhase section */
		EA18E2702CA43975009851B4 /* Resources */ = {
			isa = PBXResourcesBuildPhase;
			buildActionMask = 2147483647;
			files = (
			);
			runOnlyForDeploymentPostprocessing = 0;
		};
		EA18E2892CA43977009851B4 /* Resources */ = {
			isa = PBXResourcesBuildPhase;
			buildActionMask = 2147483647;
			files = (
			);
			runOnlyForDeploymentPostprocessing = 0;
		};
		EA18E2932CA43977009851B4 /* Resources */ = {
			isa = PBXResourcesBuildPhase;
			buildActionMask = 2147483647;
			files = (
			);
			runOnlyForDeploymentPostprocessing = 0;
		};
/* End PBXResourcesBuildPhase section */

/* Begin PBXSourcesBuildPhase section */
		EA18E26E2CA43975009851B4 /* Sources */ = {
			isa = PBXSourcesBuildPhase;
			buildActionMask = 2147483647;
			files = (
			);
			runOnlyForDeploymentPostprocessing = 0;
		};
		EA18E2872CA43977009851B4 /* Sources */ = {
			isa = PBXSourcesBuildPhase;
			buildActionMask = 2147483647;
			files = (
			);
			runOnlyForDeploymentPostprocessing = 0;
		};
		EA18E2912CA43977009851B4 /* Sources */ = {
			isa = PBXSourcesBuildPhase;
			buildActionMask = 2147483647;
			files = (
			);
			runOnlyForDeploymentPostprocessing = 0;
		};
/* End PBXSourcesBuildPhase section */

/* Begin PBXTargetDependency section */
		EA18E28D2CA43977009851B4 /* PBXTargetDependency */ = {
			isa = PBXTargetDependency;
			target = EA18E2712CA43975009851B4 /* clickerGame */;
			targetProxy = EA18E28C2CA43977009851B4 /* PBXContainerItemProxy */;
		};
		EA18E2972CA43977009851B4 /* PBXTargetDependency */ = {
			isa = PBXTargetDependency;
			target = EA18E2712CA43975009851B4 /* clickerGame */;
			targetProxy = EA18E2962CA43977009851B4 /* PBXContainerItemProxy */;
		};
/* End PBXTargetDependency section */

/* Begin XCBuildConfiguration section */
		EA18E29F2CA43977009851B4 /* Debug */ = {
			isa = XCBuildConfiguration;
			buildSettings = {
				ASSETCATALOG_COMPILER_APPICON_NAME = AppIcon;
				ASSETCATALOG_COMPILER_GLOBAL_ACCENT_COLOR_NAME = AccentColor;
				CODE_SIGN_STYLE = Automatic;
				CURRENT_PROJECT_VERSION = 1;
				GENERATE_INFOPLIST_FILE = YES;
				INFOPLIST_FILE = clickerGame/Info.plist;
				INFOPLIST_KEY_UIApplicationSupportsIndirectInputEvents = YES;
				INFOPLIST_KEY_UILaunchStoryboardName = LaunchScreen;
				INFOPLIST_KEY_UIMainStoryboardFile = Main;
				INFOPLIST_KEY_UISupportedInterfaceOrientations_iPad = "UIInterfaceOrientationPortrait UIInterfaceOrientationPortraitUpsideDown UIInterfaceOrientationLandscapeLeft UIInterfaceOrientationLandscapeRight";
				INFOPLIST_KEY_UISupportedInterfaceOrientations_iPhone = "UIInterfaceOrientationPortrait UIInterfaceOrientationLandscapeLeft UIInterfaceOrientationLandscapeRight";
				LD_RUNPATH_SEARCH_PATHS = (
					"$(inherited)",
					"@executable_path/Frameworks",
				);
				MARKETING_VERSION = 1.0;
				PRODUCT_BUNDLE_IDENTIFIER = clc.clickerGameSawyer;
				PRODUCT_NAME = "$(TARGET_NAME)";
				SWIFT_EMIT_LOC_STRINGS = YES;
				SWIFT_VERSION = 5.0;
				TARGETED_DEVICE_FAMILY = "1,2";
			};
			name = Debug;
		};
		EA18E2A02CA43977009851B4 /* Release */ = {
			isa = XCBuildConfiguration;
			buildSettings = {
				ASSETCATALOG_COMPILER_APPICON_NAME = AppIcon;
				ASSETCATALOG_COMPILER_GLOBAL_ACCENT_COLOR_NAME = AccentColor;
				CODE_SIGN_STYLE = Automatic;
				CURRENT_PROJECT_VERSION = 1;
				GENERATE_INFOPLIST_FILE = YES;
				INFOPLIST_FILE = clickerGame/Info.plist;
				INFOPLIST_KEY_UIApplicationSupportsIndirectInputEvents = YES;
				INFOPLIST_KEY_UILaunchStoryboardName = LaunchScreen;
				INFOPLIST_KEY_UIMainStoryboardFile = Main;
				INFOPLIST_KEY_UISupportedInterfaceOrientations_iPad = "UIInterfaceOrientationPortrait UIInterfaceOrientationPortraitUpsideDown UIInterfaceOrientationLandscapeLeft UIInterfaceOrientationLandscapeRight";
				INFOPLIST_KEY_UISupportedInterfaceOrientations_iPhone = "UIInterfaceOrientationPortrait UIInterfaceOrientationLandscapeLeft UIInterfaceOrientationLandscapeRight";
				LD_RUNPATH_SEARCH_PATHS = (
					"$(inherited)",
					"@executable_path/Frameworks",
				);
				MARKETING_VERSION = 1.0;
				PRODUCT_BUNDLE_IDENTIFIER = clc.clickerGameSawyer;
				PRODUCT_NAME = "$(TARGET_NAME)";
				SWIFT_EMIT_LOC_STRINGS = YES;
				SWIFT_VERSION = 5.0;
				TARGETED_DEVICE_FAMILY = "1,2";
			};
			name = Release;
		};
		EA18E2A12CA43977009851B4 /* Debug */ = {
			isa = XCBuildConfiguration;
			buildSettings = {
				ALWAYS_SEARCH_USER_PATHS = NO;
				ASSETCATALOG_COMPILER_GENERATE_SWIFT_ASSET_SYMBOL_EXTENSIONS = YES;
				CLANG_ANALYZER_NONNULL = YES;
				CLANG_ANALYZER_NUMBER_OBJECT_CONVERSION = YES_AGGRESSIVE;
				CLANG_CXX_LANGUAGE_STANDARD = "gnu++20";
				CLANG_ENABLE_MODULES = YES;
				CLANG_ENABLE_OBJC_ARC = YES;
				CLANG_ENABLE_OBJC_WEAK = YES;
				CLANG_WARN_BLOCK_CAPTURE_AUTORELEASING = YES;
				CLANG_WARN_BOOL_CONVERSION = YES;
				CLANG_WARN_COMMA = YES;
				CLANG_WARN_CONSTANT_CONVERSION = YES;
				CLANG_WARN_DEPRECATED_OBJC_IMPLEMENTATIONS = YES;
				CLANG_WARN_DIRECT_OBJC_ISA_USAGE = YES_ERROR;
				CLANG_WARN_DOCUMENTATION_COMMENTS = YES;
				CLANG_WARN_EMPTY_BODY = YES;
				CLANG_WARN_ENUM_CONVERSION = YES;
				CLANG_WARN_INFINITE_RECURSION = YES;
				CLANG_WARN_INT_CONVERSION = YES;
				CLANG_WARN_NON_LITERAL_NULL_CONVERSION = YES;
				CLANG_WARN_OBJC_IMPLICIT_RETAIN_SELF = YES;
				CLANG_WARN_OBJC_LITERAL_CONVERSION = YES;
				CLANG_WARN_OBJC_ROOT_CLASS = YES_ERROR;
				CLANG_WARN_QUOTED_INCLUDE_IN_FRAMEWORK_HEADER = YES;
				CLANG_WARN_RANGE_LOOP_ANALYSIS = YES;
				CLANG_WARN_STRICT_PROTOTYPES = YES;
				CLANG_WARN_SUSPICIOUS_MOVE = YES;
				CLANG_WARN_UNGUARDED_AVAILABILITY = YES_AGGRESSIVE;
				CLANG_WARN_UNREACHABLE_CODE = YES;
				CLANG_WARN__DUPLICATE_METHOD_MATCH = YES;
				COPY_PHASE_STRIP = NO;
				DEBUG_INFORMATION_FORMAT = dwarf;
				ENABLE_STRICT_OBJC_MSGSEND = YES;
				ENABLE_TESTABILITY = YES;
				ENABLE_USER_SCRIPT_SANDBOXING = YES;
				GCC_C_LANGUAGE_STANDARD = gnu17;
				GCC_DYNAMIC_NO_PIC = NO;
				GCC_NO_COMMON_BLOCKS = YES;
				GCC_OPTIMIZATION_LEVEL = 0;
				GCC_PREPROCESSOR_DEFINITIONS = (
					"DEBUG=1",
					"$(inherited)",
				);
				GCC_WARN_64_TO_32_BIT_CONVERSION = YES;
				GCC_WARN_ABOUT_RETURN_TYPE = YES_ERROR;
				GCC_WARN_UNDECLARED_SELECTOR = YES;
				GCC_WARN_UNINITIALIZED_AUTOS = YES_AGGRESSIVE;
				GCC_WARN_UNUSED_FUNCTION = YES;
				GCC_WARN_UNUSED_VARIABLE = YES;
				IPHONEOS_DEPLOYMENT_TARGET = 18.0;
				LOCALIZATION_PREFERS_STRING_CATALOGS = YES;
				MTL_ENABLE_DEBUG_INFO = INCLUDE_SOURCE;
				MTL_FAST_MATH = YES;
				ONLY_ACTIVE_ARCH = YES;
				SDKROOT = iphoneos;
				SWIFT_ACTIVE_COMPILATION_CONDITIONS = "DEBUG $(inherited)";
				SWIFT_OPTIMIZATION_LEVEL = "-Onone";
			};
			name = Debug;
		};
		EA18E2A22CA43977009851B4 /* Release */ = {
			isa = XCBuildConfiguration;
			buildSettings = {
				ALWAYS_SEARCH_USER_PATHS = NO;
				ASSETCATALOG_COMPILER_GENERATE_SWIFT_ASSET_SYMBOL_EXTENSIONS = YES;
				CLANG_ANALYZER_NONNULL = YES;
				CLANG_ANALYZER_NUMBER_OBJECT_CONVERSION = YES_AGGRESSIVE;
				CLANG_CXX_LANGUAGE_STANDARD = "gnu++20";
				CLANG_ENABLE_MODULES = YES;
				CLANG_ENABLE_OBJC_ARC = YES;
				CLANG_ENABLE_OBJC_WEAK = YES;
				CLANG_WARN_BLOCK_CAPTURE_AUTORELEASING = YES;
				CLANG_WARN_BOOL_CONVERSION = YES;
				CLANG_WARN_COMMA = YES;
				CLANG_WARN_CONSTANT_CONVERSION = YES;
				CLANG_WARN_DEPRECATED_OBJC_IMPLEMENTATIONS = YES;
				CLANG_WARN_DIRECT_OBJC_ISA_USAGE = YES_ERROR;
				CLANG_WARN_DOCUMENTATION_COMMENTS = YES;
				CLANG_WARN_EMPTY_BODY = YES;
				CLANG_WARN_ENUM_CONVERSION = YES;
				CLANG_WARN_INFINITE_RECURSION = YES;
				CLANG_WARN_INT_CONVERSION = YES;
				CLANG_WARN_NON_LITERAL_NULL_CONVERSION = YES;
				CLANG_WARN_OBJC_IMPLICIT_RETAIN_SELF = YES;
				CLANG_WARN_OBJC_LITERAL_CONVERSION = YES;
				CLANG_WARN_OBJC_ROOT_CLASS = YES_ERROR;
				CLANG_WARN_QUOTED_INCLUDE_IN_FRAMEWORK_HEADER = YES;
				CLANG_WARN_RANGE_LOOP_ANALYSIS = YES;
				CLANG_WARN_STRICT_PROTOTYPES = YES;
				CLANG_WARN_SUSPICIOUS_MOVE = YES;
				CLANG_WARN_UNGUARDED_AVAILABILITY = YES_AGGRESSIVE;
				CLANG_WARN_UNREACHABLE_CODE = YES;
				CLANG_WARN__DUPLICATE_METHOD_MATCH = YES;
				COPY_PHASE_STRIP = NO;
				DEBUG_INFORMATION_FORMAT = "dwarf-with-dsym";
				ENABLE_NS_ASSERTIONS = NO;
				ENABLE_STRICT_OBJC_MSGSEND = YES;
				ENABLE_USER_SCRIPT_SANDBOXING = YES;
				GCC_C_LANGUAGE_STANDARD = gnu17;
				GCC_NO_COMMON_BLOCKS = YES;
				GCC_WARN_64_TO_32_BIT_CONVERSION = YES;
				GCC_WARN_ABOUT_RETURN_TYPE = YES_ERROR;
				GCC_WARN_UNDECLARED_SELECTOR = YES;
				GCC_WARN_UNINITIALIZED_AUTOS = YES_AGGRESSIVE;
				GCC_WARN_UNUSED_FUNCTION = YES;
				GCC_WARN_UNUSED_VARIABLE = YES;
				IPHONEOS_DEPLOYMENT_TARGET = 18.0;
				LOCALIZATION_PREFERS_STRING_CATALOGS = YES;
				MTL_ENABLE_DEBUG_INFO = NO;
				MTL_FAST_MATH = YES;
				SDKROOT = iphoneos;
				SWIFT_COMPILATION_MODE = wholemodule;
				VALIDATE_PRODUCT = YES;
			};
			name = Release;
		};
		EA18E2A42CA43977009851B4 /* Debug */ = {
			isa = XCBuildConfiguration;
			buildSettings = {
				BUNDLE_LOADER = "$(TEST_HOST)";
				CODE_SIGN_STYLE = Automatic;
				CURRENT_PROJECT_VERSION = 1;
				GENERATE_INFOPLIST_FILE = YES;
				IPHONEOS_DEPLOYMENT_TARGET = 18.0;
				MARKETING_VERSION = 1.0;
				PRODUCT_BUNDLE_IDENTIFIER = clc.clickerGameTests;
				PRODUCT_NAME = "$(TARGET_NAME)";
				SWIFT_EMIT_LOC_STRINGS = NO;
				SWIFT_VERSION = 5.0;
				TARGETED_DEVICE_FAMILY = "1,2";
				TEST_HOST = "$(BUILT_PRODUCTS_DIR)/clickerGame.app/$(BUNDLE_EXECUTABLE_FOLDER_PATH)/clickerGame";
			};
			name = Debug;
		};
		EA18E2A52CA43977009851B4 /* Release */ = {
			isa = XCBuildConfiguration;
			buildSettings = {
				BUNDLE_LOADER = "$(TEST_HOST)";
				CODE_SIGN_STYLE = Automatic;
				CURRENT_PROJECT_VERSION = 1;
				GENERATE_INFOPLIST_FILE = YES;
				IPHONEOS_DEPLOYMENT_TARGET = 18.0;
				MARKETING_VERSION = 1.0;
				PRODUCT_BUNDLE_IDENTIFIER = clc.clickerGameTests;
				PRODUCT_NAME = "$(TARGET_NAME)";
				SWIFT_EMIT_LOC_STRINGS = NO;
				SWIFT_VERSION = 5.0;
				TARGETED_DEVICE_FAMILY = "1,2";
				TEST_HOST = "$(BUILT_PRODUCTS_DIR)/clickerGame.app/$(BUNDLE_EXECUTABLE_FOLDER_PATH)/clickerGame";
			};
			name = Release;
		};
		EA18E2A72CA43977009851B4 /* Debug */ = {
			isa = XCBuildConfiguration;
			buildSettings = {
				CODE_SIGN_STYLE = Automatic;
				CURRENT_PROJECT_VERSION = 1;
				GENERATE_INFOPLIST_FILE = YES;
				MARKETING_VERSION = 1.0;
				PRODUCT_BUNDLE_IDENTIFIER = clc.clickerGameUITests;
				PRODUCT_NAME = "$(TARGET_NAME)";
				SWIFT_EMIT_LOC_STRINGS = NO;
				SWIFT_VERSION = 5.0;
				TARGETED_DEVICE_FAMILY = "1,2";
				TEST_TARGET_NAME = clickerGame;
			};
			name = Debug;
		};
		EA18E2A82CA43977009851B4 /* Release */ = {
			isa = XCBuildConfiguration;
			buildSettings = {
				CODE_SIGN_STYLE = Automatic;
				CURRENT_PROJECT_VERSION = 1;
				GENERATE_INFOPLIST_FILE = YES;
				MARKETING_VERSION = 1.0;
				PRODUCT_BUNDLE_IDENTIFIER = clc.clickerGameUITests;
				PRODUCT_NAME = "$(TARGET_NAME)";
				SWIFT_EMIT_LOC_STRINGS = NO;
				SWIFT_VERSION = 5.0;
				TARGETED_DEVICE_FAMILY = "1,2";
				TEST_TARGET_NAME = clickerGame;
			};
			name = Release;
		};
/* End XCBuildConfiguration section */

/* Begin XCConfigurationList section */
		EA18E26D2CA43975009851B4 /* Build configuration list for PBXProject "clickerGame" */ = {
			isa = XCConfigurationList;
			buildConfigurations = (
				EA18E2A12CA43977009851B4 /* Debug */,
				EA18E2A22CA43977009851B4 /* Release */,
			);
			defaultConfigurationIsVisible = 0;
			defaultConfigurationName = Release;
		};
		EA18E29E2CA43977009851B4 /* Build configuration list for PBXNativeTarget "clickerGame" */ = {
			isa = XCConfigurationList;
			buildConfigurations = (
				EA18E29F2CA43977009851B4 /* Debug */,
				EA18E2A02CA43977009851B4 /* Release */,
			);
			defaultConfigurationIsVisible = 0;
			defaultConfigurationName = Release;
		};
		EA18E2A32CA43977009851B4 /* Build configuration list for PBXNativeTarget "clickerGameTests" */ = {
			isa = XCConfigurationList;
			buildConfigurations = (
				EA18E2A42CA43977009851B4 /* Debug */,
				EA18E2A52CA43977009851B4 /* Release */,
			);
			defaultConfigurationIsVisible = 0;
			defaultConfigurationName = Release;
		};
		EA18E2A62CA43977009851B4 /* Build configuration list for PBXNativeTarget "clickerGameUITests" */ = {
			isa = XCConfigurationList;
			buildConfigurations = (
				EA18E2A72CA43977009851B4 /* Debug */,
				EA18E2A82CA43977009851B4 /* Release */,
			);
			defaultConfigurationIsVisible = 0;
			defaultConfigurationName = Release;
		};
/* End XCConfigurationList section */

/* Begin XCRemoteSwiftPackageReference section */
		EA79D1B32D5A498F00D22F9A /* XCRemoteSwiftPackageReference "firebase-ios-sdk" */ = {
			isa = XCRemoteSwiftPackageReference;
			repositoryURL = "https://github.com/firebase/firebase-ios-sdk";
			requirement = {
				kind = upToNextMajorVersion;
				minimumVersion = 11.8.1;
			};
		};
/* End XCRemoteSwiftPackageReference section */

/* Begin XCSwiftPackageProductDependency section */
		EA79D1B42D5A499000D22F9A /* FirebaseAuth */ = {
			isa = XCSwiftPackageProductDependency;
			package = EA79D1B32D5A498F00D22F9A /* XCRemoteSwiftPackageReference "firebase-ios-sdk" */;
			productName = FirebaseAuth;
		};
		EA79D1B62D5A499000D22F9A /* FirebaseDatabase */ = {
			isa = XCSwiftPackageProductDependency;
			package = EA79D1B32D5A498F00D22F9A /* XCRemoteSwiftPackageReference "firebase-ios-sdk" */;
			productName = FirebaseDatabase;
		};
		EA79D1B82D5A499000D22F9A /* FirebaseFirestore */ = {
			isa = XCSwiftPackageProductDependency;
			package = EA79D1B32D5A498F00D22F9A /* XCRemoteSwiftPackageReference "firebase-ios-sdk" */;
			productName = FirebaseFirestore;
		};
/* End XCSwiftPackageProductDependency section */
	};
	rootObject = EA18E26A2CA43975009851B4 /* Project object */;
}
